
Microsoft Visual Studio Solution File, Format Version 12.00
# Visual Studio Version 16
VisualStudioVersion = 16.0.30621.155
MinimumVisualStudioVersion = 10.0.40219.1
Project("{9A19103F-16F7-4668-BE54-9A1E7A4F7556}") = "ElectronicSignaturesService", "ElectronicSignaturesService\ElectronicSignaturesService.csproj", "{A96AD81A-FB3A-4CBA-BF14-EA49895FE611}"
EndProject
Project("{9A19103F-16F7-4668-BE54-9A1E7A4F7556}") = "BusinessLogic", "BuisnessLogic\BusinessLogic.csproj", "{14BBB9C2-314E-4CB1-9D67-CBFF419997E7}"
EndProject
Project("{9A19103F-16F7-4668-BE54-9A1E7A4F7556}") = "DataLogic", "DataLogic\DataLogic.csproj", "{3410D099-0D3F-4E81-8353-5BB7F7006EBC}"
EndProject
Project("{9A19103F-16F7-4668-BE54-9A1E7A4F7556}") = "EsignatureService.UnitTest", "EsignatureService.UnitTest\EsignatureService.UnitTest.csproj", "{B6C30738-8255-44CA-90C7-0ED949C1C42F}"
EndProject
Global
	GlobalSection(SolutionConfigurationPlatforms) = preSolution
		Debug|Any CPU = Debug|Any CPU
		Release|Any CPU = Release|Any CPU
	EndGlobalSection
	GlobalSection(ProjectConfigurationPlatforms) = postSolution
		{A96AD81A-FB3A-4CBA-BF14-EA49895FE611}.Debug|Any CPU.ActiveCfg = Debug|Any CPU
		{A96AD81A-FB3A-4CBA-BF14-EA49895FE611}.Debug|Any CPU.Build.0 = Debug|Any CPU
		{A96AD81A-FB3A-4CBA-BF14-EA49895FE611}.Release|Any CPU.ActiveCfg = Release|Any CPU
		{A96AD81A-FB3A-4CBA-BF14-EA49895FE611}.Release|Any CPU.Build.0 = Release|Any CPU
		{14BBB9C2-314E-4CB1-9D67-CBFF419997E7}.Debug|Any CPU.ActiveCfg = Debug|Any CPU
		{14BBB9C2-314E-4CB1-9D67-CBFF419997E7}.Debug|Any CPU.Build.0 = Debug|Any CPU
		{14BBB9C2-314E-4CB1-9D67-CBFF419997E7}.Release|Any CPU.ActiveCfg = Release|Any CPU
		{14BBB9C2-314E-4CB1-9D67-CBFF419997E7}.Release|Any CPU.Build.0 = Release|Any CPU
		{3410D099-0D3F-4E81-8353-5BB7F7006EBC}.Debug|Any CPU.ActiveCfg = Debug|Any CPU
		{3410D099-0D3F-4E81-8353-5BB7F7006EBC}.Debug|Any CPU.Build.0 = Debug|Any CPU
		{3410D099-0D3F-4E81-8353-5BB7F7006EBC}.Release|Any CPU.ActiveCfg = Release|Any CPU
		{3410D099-0D3F-4E81-8353-5BB7F7006EBC}.Release|Any CPU.Build.0 = Release|Any CPU
		{B6C30738-8255-44CA-90C7-0ED949C1C42F}.Debug|Any CPU.ActiveCfg = Debug|Any CPU
		{B6C30738-8255-44CA-90C7-0ED949C1C42F}.Debug|Any CPU.Build.0 = Debug|Any CPU
		{B6C30738-8255-44CA-90C7-0ED949C1C42F}.Release|Any CPU.ActiveCfg = Release|Any CPU
		{B6C30738-8255-44CA-90C7-0ED949C1C42F}.Release|Any CPU.Build.0 = Release|Any CPU
	EndGlobalSection
	GlobalSection(SolutionProperties) = preSolution
		HideSolutionNode = FALSE
	EndGlobalSection
	GlobalSection(ExtensibilityGlobals) = postSolution
		SolutionGuid = {A9861DEF-E08B-4942-9A16-EBFA61FD653E}
	EndGlobalSection
EndGlobal
